
Microsoft Visual Studio Solution File, Format Version 12.00
# Visual Studio Version 16
VisualStudioVersion = 16.0.30503.244
MinimumVisualStudioVersion = 10.0.40219.1
Project("{FAE04EC0-301F-11D3-BF4B-00C04F79EFBC}") = "ProcessManagement", "ProcessManagement\ProcessManagement.csproj", "{AAF7EB5D-F832-4CBE-987F-794871A631C9}"
EndProject
Project("{2150E333-8FDC-42A3-9474-1A3956D46DE8}") = "Common", "Common", "{8A5AC6B7-D352-434F-BFF3-E048F580AEC2}"
EndProject
Project("{FAE04EC0-301F-11D3-BF4B-00C04F79EFBC}") = "Interfaces", "Interfaces\Interfaces.csproj", "{D9349263-3FB3-480C-8232-ECCA079D43C5}"
EndProject
Project("{FAE04EC0-301F-11D3-BF4B-00C04F79EFBC}") = "OrderManagement", "OrderManagement\OrderManagement.csproj", "{37813E08-7706-4F93-A70D-A165EA964333}"
EndProject
Project("{FAE04EC0-301F-11D3-BF4B-00C04F79EFBC}") = "QueueManagement", "QueueManagement\QueueManagement.csproj", "{7BF6DC2B-3A0B-4D89-A010-ED8B8A938B61}"
EndProject
Project("{FAE04EC0-301F-11D3-BF4B-00C04F79EFBC}") = "Contracts", "Contracts\Contracts.csproj", "{016B3E9A-D8BB-4CBF-885C-DAF7510FA5AC}"
EndProject
Project("{2150E333-8FDC-42A3-9474-1A3956D46DE8}") = "BusinessLogic", "BusinessLogic", "{8C663CA0-616D-4730-9BEE-03A2F849D32E}"
EndProject
Project("{2150E333-8FDC-42A3-9474-1A3956D46DE8}") = "Integrations", "Integrations", "{91ABBD1C-AAE9-4A04-82D7-EA2667AA2341}"
EndProject
Project("{FAE04EC0-301F-11D3-BF4B-00C04F79EFBC}") = "Notifications", "Notifications\Notifications.csproj", "{4A697434-5D7B-414B-8F7B-491BFDF74BCC}"
EndProject
Project("{FAE04EC0-301F-11D3-BF4B-00C04F79EFBC}") = "Data.OrderManagement", "Data.OrderManagement\Data.OrderManagement.csproj", "{F85F600E-668E-44F8-BCEF-F1BA15FB54D0}"
EndProject
Project("{FAE04EC0-301F-11D3-BF4B-00C04F79EFBC}") = "Data.ProcessManagement", "Data.ProcessManagement\Data.ProcessManagement.csproj", "{59AF97CA-0811-4279-BF18-56C21184B95A}"
EndProject
Project("{FAE04EC0-301F-11D3-BF4B-00C04F79EFBC}") = "Data.QueueManagement", "Data.QueueManagement\Data.QueueManagement.csproj", "{73555DA8-9BD3-4BCE-A8D1-95B6E0F4D3F6}"
EndProject
Project("{2150E333-8FDC-42A3-9474-1A3956D46DE8}") = "Tests", "Tests", "{1C09734D-42C1-4952-9E73-4769F48342D0}"
EndProject
Project("{2150E333-8FDC-42A3-9474-1A3956D46DE8}") = "UserInterface", "UserInterface", "{530446F9-43F9-4AFB-AC10-98E84F31DCC8}"
EndProject
Project("{FAE04EC0-301F-11D3-BF4B-00C04F79EFBC}") = "WpfApp", "WpfApp\WpfApp.csproj", "{B8C6A89A-694B-4172-95DB-AE88AA6DBD2F}"
EndProject
Project("{FAE04EC0-301F-11D3-BF4B-00C04F79EFBC}") = "WebApp", "WebApp\WebApp.csproj", "{570EB48D-583A-49D2-897A-D267372E7512}"
EndProject
Project("{9A19103F-16F7-4668-BE54-9A1E7A4F7556}") = "UnitTests", "UnitTests\UnitTests.csproj", "{CC9E39FC-0CE3-428C-A700-04DDC3A4BDB3}"
EndProject
Project("{9A19103F-16F7-4668-BE54-9A1E7A4F7556}") = "TestingConsoleApp", "TestingConsoleApp\TestingConsoleApp.csproj", "{19513506-25D7-4516-8B50-4F8BE9461F0E}"
	ProjectSection(ProjectDependencies) = postProject
		{016B3E9A-D8BB-4CBF-885C-DAF7510FA5AC} = {016B3E9A-D8BB-4CBF-885C-DAF7510FA5AC}
	EndProjectSection
EndProject
Global
	GlobalSection(SolutionConfigurationPlatforms) = preSolution
		Debug|Any CPU = Debug|Any CPU
		Release|Any CPU = Release|Any CPU
	EndGlobalSection
	GlobalSection(ProjectConfigurationPlatforms) = postSolution
		{AAF7EB5D-F832-4CBE-987F-794871A631C9}.Debug|Any CPU.ActiveCfg = Debug|Any CPU
		{AAF7EB5D-F832-4CBE-987F-794871A631C9}.Debug|Any CPU.Build.0 = Debug|Any CPU
		{AAF7EB5D-F832-4CBE-987F-794871A631C9}.Release|Any CPU.ActiveCfg = Release|Any CPU
		{AAF7EB5D-F832-4CBE-987F-794871A631C9}.Release|Any CPU.Build.0 = Release|Any CPU
		{D9349263-3FB3-480C-8232-ECCA079D43C5}.Debug|Any CPU.ActiveCfg = Debug|Any CPU
		{D9349263-3FB3-480C-8232-ECCA079D43C5}.Debug|Any CPU.Build.0 = Debug|Any CPU
		{D9349263-3FB3-480C-8232-ECCA079D43C5}.Release|Any CPU.ActiveCfg = Release|Any CPU
		{D9349263-3FB3-480C-8232-ECCA079D43C5}.Release|Any CPU.Build.0 = Release|Any CPU
		{37813E08-7706-4F93-A70D-A165EA964333}.Debug|Any CPU.ActiveCfg = Debug|Any CPU
		{37813E08-7706-4F93-A70D-A165EA964333}.Debug|Any CPU.Build.0 = Debug|Any CPU
		{37813E08-7706-4F93-A70D-A165EA964333}.Release|Any CPU.ActiveCfg = Release|Any CPU
		{37813E08-7706-4F93-A70D-A165EA964333}.Release|Any CPU.Build.0 = Release|Any CPU
		{7BF6DC2B-3A0B-4D89-A010-ED8B8A938B61}.Debug|Any CPU.ActiveCfg = Debug|Any CPU
		{7BF6DC2B-3A0B-4D89-A010-ED8B8A938B61}.Debug|Any CPU.Build.0 = Debug|Any CPU
		{7BF6DC2B-3A0B-4D89-A010-ED8B8A938B61}.Release|Any CPU.ActiveCfg = Release|Any CPU
		{7BF6DC2B-3A0B-4D89-A010-ED8B8A938B61}.Release|Any CPU.Build.0 = Release|Any CPU
		{016B3E9A-D8BB-4CBF-885C-DAF7510FA5AC}.Debug|Any CPU.ActiveCfg = Debug|Any CPU
		{016B3E9A-D8BB-4CBF-885C-DAF7510FA5AC}.Debug|Any CPU.Build.0 = Debug|Any CPU
		{016B3E9A-D8BB-4CBF-885C-DAF7510FA5AC}.Release|Any CPU.ActiveCfg = Release|Any CPU
		{016B3E9A-D8BB-4CBF-885C-DAF7510FA5AC}.Release|Any CPU.Build.0 = Release|Any CPU
		{4A697434-5D7B-414B-8F7B-491BFDF74BCC}.Debug|Any CPU.ActiveCfg = Debug|Any CPU
		{4A697434-5D7B-414B-8F7B-491BFDF74BCC}.Debug|Any CPU.Build.0 = Debug|Any CPU
		{4A697434-5D7B-414B-8F7B-491BFDF74BCC}.Release|Any CPU.ActiveCfg = Release|Any CPU
		{4A697434-5D7B-414B-8F7B-491BFDF74BCC}.Release|Any CPU.Build.0 = Release|Any CPU
		{F85F600E-668E-44F8-BCEF-F1BA15FB54D0}.Debug|Any CPU.ActiveCfg = Debug|Any CPU
		{F85F600E-668E-44F8-BCEF-F1BA15FB54D0}.Debug|Any CPU.Build.0 = Debug|Any CPU
		{F85F600E-668E-44F8-BCEF-F1BA15FB54D0}.Release|Any CPU.ActiveCfg = Release|Any CPU
		{F85F600E-668E-44F8-BCEF-F1BA15FB54D0}.Release|Any CPU.Build.0 = Release|Any CPU
		{59AF97CA-0811-4279-BF18-56C21184B95A}.Debug|Any CPU.ActiveCfg = Debug|Any CPU
		{59AF97CA-0811-4279-BF18-56C21184B95A}.Debug|Any CPU.Build.0 = Debug|Any CPU
		{59AF97CA-0811-4279-BF18-56C21184B95A}.Release|Any CPU.ActiveCfg = Release|Any CPU
		{59AF97CA-0811-4279-BF18-56C21184B95A}.Release|Any CPU.Build.0 = Release|Any CPU
		{73555DA8-9BD3-4BCE-A8D1-95B6E0F4D3F6}.Debug|Any CPU.ActiveCfg = Debug|Any CPU
		{73555DA8-9BD3-4BCE-A8D1-95B6E0F4D3F6}.Debug|Any CPU.Build.0 = Debug|Any CPU
		{73555DA8-9BD3-4BCE-A8D1-95B6E0F4D3F6}.Release|Any CPU.ActiveCfg = Release|Any CPU
		{73555DA8-9BD3-4BCE-A8D1-95B6E0F4D3F6}.Release|Any CPU.Build.0 = Release|Any CPU
		{B8C6A89A-694B-4172-95DB-AE88AA6DBD2F}.Debug|Any CPU.ActiveCfg = Debug|Any CPU
		{B8C6A89A-694B-4172-95DB-AE88AA6DBD2F}.Debug|Any CPU.Build.0 = Debug|Any CPU
		{B8C6A89A-694B-4172-95DB-AE88AA6DBD2F}.Release|Any CPU.ActiveCfg = Release|Any CPU
		{B8C6A89A-694B-4172-95DB-AE88AA6DBD2F}.Release|Any CPU.Build.0 = Release|Any CPU
		{570EB48D-583A-49D2-897A-D267372E7512}.Debug|Any CPU.ActiveCfg = Debug|Any CPU
		{570EB48D-583A-49D2-897A-D267372E7512}.Debug|Any CPU.Build.0 = Debug|Any CPU
		{570EB48D-583A-49D2-897A-D267372E7512}.Release|Any CPU.ActiveCfg = Release|Any CPU
		{570EB48D-583A-49D2-897A-D267372E7512}.Release|Any CPU.Build.0 = Release|Any CPU
		{CC9E39FC-0CE3-428C-A700-04DDC3A4BDB3}.Debug|Any CPU.ActiveCfg = Debug|Any CPU
		{CC9E39FC-0CE3-428C-A700-04DDC3A4BDB3}.Debug|Any CPU.Build.0 = Debug|Any CPU
		{CC9E39FC-0CE3-428C-A700-04DDC3A4BDB3}.Release|Any CPU.ActiveCfg = Release|Any CPU
		{CC9E39FC-0CE3-428C-A700-04DDC3A4BDB3}.Release|Any CPU.Build.0 = Release|Any CPU
		{19513506-25D7-4516-8B50-4F8BE9461F0E}.Debug|Any CPU.ActiveCfg = Debug|Any CPU
		{19513506-25D7-4516-8B50-4F8BE9461F0E}.Debug|Any CPU.Build.0 = Debug|Any CPU
		{19513506-25D7-4516-8B50-4F8BE9461F0E}.Release|Any CPU.ActiveCfg = Release|Any CPU
		{19513506-25D7-4516-8B50-4F8BE9461F0E}.Release|Any CPU.Build.0 = Release|Any CPU
	EndGlobalSection
	GlobalSection(SolutionProperties) = preSolution
		HideSolutionNode = FALSE
	EndGlobalSection
	GlobalSection(NestedProjects) = preSolution
		{AAF7EB5D-F832-4CBE-987F-794871A631C9} = {8C663CA0-616D-4730-9BEE-03A2F849D32E}
		{D9349263-3FB3-480C-8232-ECCA079D43C5} = {8A5AC6B7-D352-434F-BFF3-E048F580AEC2}
		{37813E08-7706-4F93-A70D-A165EA964333} = {8C663CA0-616D-4730-9BEE-03A2F849D32E}
		{7BF6DC2B-3A0B-4D89-A010-ED8B8A938B61} = {8C663CA0-616D-4730-9BEE-03A2F849D32E}
		{016B3E9A-D8BB-4CBF-885C-DAF7510FA5AC} = {8A5AC6B7-D352-434F-BFF3-E048F580AEC2}
		{4A697434-5D7B-414B-8F7B-491BFDF74BCC} = {91ABBD1C-AAE9-4A04-82D7-EA2667AA2341}
		{F85F600E-668E-44F8-BCEF-F1BA15FB54D0} = {91ABBD1C-AAE9-4A04-82D7-EA2667AA2341}
		{59AF97CA-0811-4279-BF18-56C21184B95A} = {91ABBD1C-AAE9-4A04-82D7-EA2667AA2341}
		{73555DA8-9BD3-4BCE-A8D1-95B6E0F4D3F6} = {91ABBD1C-AAE9-4A04-82D7-EA2667AA2341}
		{B8C6A89A-694B-4172-95DB-AE88AA6DBD2F} = {530446F9-43F9-4AFB-AC10-98E84F31DCC8}
		{570EB48D-583A-49D2-897A-D267372E7512} = {530446F9-43F9-4AFB-AC10-98E84F31DCC8}
		{CC9E39FC-0CE3-428C-A700-04DDC3A4BDB3} = {1C09734D-42C1-4952-9E73-4769F48342D0}
		{19513506-25D7-4516-8B50-4F8BE9461F0E} = {1C09734D-42C1-4952-9E73-4769F48342D0}
	EndGlobalSection
	GlobalSection(ExtensibilityGlobals) = postSolution
		SolutionGuid = {0B2D3E22-CB8A-4017-BBE6-D54B8BA0B0CE}
	EndGlobalSection
EndGlobal
